
Microsoft Visual Studio Solution File, Format Version 12.00
# Visual Studio Version 17
VisualStudioVersion = 17.1.32328.378
MinimumVisualStudioVersion = 10.0.40219.1
Project("{9A19103F-16F7-4668-BE54-9A1E7A4F7556}") = "api_locacao", "api_locacao\api_locacao.csproj", "{6B94BB0C-E4C1-40A6-A483-2CBD97A681A5}"
EndProject
Project("{FAE04EC0-301F-11D3-BF4B-00C04F79EFBC}") = "app_locacao", "app_locacao\app_locacao.csproj", "{B1E787F8-74C7-473F-AB19-EE5768FBAE01}"
EndProject
Global
	GlobalSection(SolutionConfigurationPlatforms) = preSolution
		Debug|Any CPU = Debug|Any CPU
		Release|Any CPU = Release|Any CPU
	EndGlobalSection
	GlobalSection(ProjectConfigurationPlatforms) = postSolution
		{6B94BB0C-E4C1-40A6-A483-2CBD97A681A5}.Debug|Any CPU.ActiveCfg = Debug|Any CPU
		{6B94BB0C-E4C1-40A6-A483-2CBD97A681A5}.Debug|Any CPU.Build.0 = Debug|Any CPU
		{6B94BB0C-E4C1-40A6-A483-2CBD97A681A5}.Release|Any CPU.ActiveCfg = Release|Any CPU
		{6B94BB0C-E4C1-40A6-A483-2CBD97A681A5}.Release|Any CPU.Build.0 = Release|Any CPU
		{B1E787F8-74C7-473F-AB19-EE5768FBAE01}.Debug|Any CPU.ActiveCfg = Debug|Any CPU
		{B1E787F8-74C7-473F-AB19-EE5768FBAE01}.Debug|Any CPU.Build.0 = Debug|Any CPU
		{B1E787F8-74C7-473F-AB19-EE5768FBAE01}.Release|Any CPU.ActiveCfg = Release|Any CPU
		{B1E787F8-74C7-473F-AB19-EE5768FBAE01}.Release|Any CPU.Build.0 = Release|Any CPU
	EndGlobalSection
	GlobalSection(SolutionProperties) = preSolution
		HideSolutionNode = FALSE
	EndGlobalSection
	GlobalSection(ExtensibilityGlobals) = postSolution
		SolutionGuid = {41E9FBE9-7296-4CA8-A3EF-A4B67A59FA39}
	EndGlobalSection
EndGlobal
